
Microsoft Visual Studio Solution File, Format Version 12.00
# Visual Studio Version 16
VisualStudioVersion = 16.0.29306.81
MinimumVisualStudioVersion = 10.0.40219.1
Project("{9A19103F-16F7-4668-BE54-9A1E7A4F7556}") = "OrganiMedCore.Web", "src\OrganiMedCore.Web\OrganiMedCore.Web.csproj", "{5C97E8B2-9301-4E08-A1D8-8DBC9A6E09D3}"
EndProject
Project("{2150E333-8FDC-42A3-9474-1A3956D46DE8}") = "Modules", "Modules", "{5E98542F-3141-4E84-B1B8-17CFB43CB085}"
EndProject
Project("{2150E333-8FDC-42A3-9474-1A3956D46DE8}") = "Themes", "Themes", "{CB7F332C-8EA4-4009-A516-568AE4094422}"
EndProject
Project("{9A19103F-16F7-4668-BE54-9A1E7A4F7556}") = "IntelliMed.Core", "src\Modules\IntelliMed.Core\IntelliMed.Core.csproj", "{BAF69617-9743-4C03-A098-F5A64D5B7819}"
EndProject
Project("{9A19103F-16F7-4668-BE54-9A1E7A4F7556}") = "OrganiMedCore.Core", "src\Modules\OrganiMedCore.Core\OrganiMedCore.Core.csproj", "{AE45310B-F609-46A7-8458-74D1419D1B5A}"
EndProject
Project("{9A19103F-16F7-4668-BE54-9A1E7A4F7556}") = "OrganiMedCore.Manager.Theme", "src\Themes\OrganiMedCore.Manager.Theme\OrganiMedCore.Manager.Theme.csproj", "{90080889-5517-4083-8493-6E512A3C316D}"
EndProject
Project("{9A19103F-16F7-4668-BE54-9A1E7A4F7556}") = "OrganiMedCore.Organization.BaseTheme", "src\Themes\OrganiMedCore.Organization.BaseTheme\OrganiMedCore.Organization.BaseTheme.csproj", "{AD5372E8-DB0A-44A2-AFA6-F910BB6D4F6C}"
EndProject
Project("{9A19103F-16F7-4668-BE54-9A1E7A4F7556}") = "OrganiMedCore.Manager", "src\Modules\OrganiMedCore.Manager\OrganiMedCore.Manager.csproj", "{09D28E7D-97EB-452D-B93E-C6B767E568FD}"
EndProject
Project("{9A19103F-16F7-4668-BE54-9A1E7A4F7556}") = "OrganiMedCore.Organization", "src\Modules\OrganiMedCore.Organization\OrganiMedCore.Organization.csproj", "{73E108FF-13FD-4C27-82A1-D43E510E8BCC}"
EndProject
Project("{2150E333-8FDC-42A3-9474-1A3956D46DE8}") = "Tests", "Tests", "{B97F93E5-6E4B-41EA-A93A-C8E813FD60D4}"
EndProject
Project("{9A19103F-16F7-4668-BE54-9A1E7A4F7556}") = "OrganiMedCore.Organization.Tests", "src\Tests\OrganiMedCore.Organization.Tests\OrganiMedCore.Organization.Tests.csproj", "{2D3D18BE-EE35-4EFE-B3AF-ABA0EE7A02A0}"
EndProject
Project("{9A19103F-16F7-4668-BE54-9A1E7A4F7556}") = "OrganiMedCore.Login", "src\Modules\OrganiMedCore.Login\OrganiMedCore.Login.csproj", "{87BDE7DF-5B66-49A2-BFC2-C926EB9C601B}"
EndProject
Project("{2150E333-8FDC-42A3-9474-1A3956D46DE8}") = "Solution items", "Solution items", "{E5074A3B-44D5-4F0A-8545-A0769877D6F8}"
	ProjectSection(SolutionItems) = preProject
		Readme.md = Readme.md
	EndProjectSection
EndProject
Project("{2150E333-8FDC-42A3-9474-1A3956D46DE8}") = "src", "src", "{08A52935-8935-4FF7-ADF9-7EA592ABDCAF}"
EndProject
Project("{9A19103F-16F7-4668-BE54-9A1E7A4F7556}") = "OrganiMedCore.DiabetesCareCenterManager", "src\Modules\OrganiMedCore.DiabetesCareCenterManager\OrganiMedCore.DiabetesCareCenterManager.csproj", "{FEA2CF08-CD4B-4C46-9A29-F5063F5C8BDE}"
EndProject
Project("{9A19103F-16F7-4668-BE54-9A1E7A4F7556}") = "OrganiMedCore.DiabetesCareCenterManager.Theme", "src\Themes\OrganiMedCore.DiabetesCareCenterManager.Theme\OrganiMedCore.DiabetesCareCenterManager.Theme.csproj", "{61CE885C-1EE1-4934-A184-FC45F9C2350B}"
EndProject
Project("{2150E333-8FDC-42A3-9474-1A3956D46DE8}") = "ClientApps", "ClientApps", "{080F502E-6C31-4884-82EB-BC04A5511709}"
EndProject
Project("{9A19103F-16F7-4668-BE54-9A1E7A4F7556}") = "Bootstrap", "src\Modules\Bootstrap\Bootstrap.csproj", "{72D1ABF3-C2AA-42FC-A4B2-AC16CC54A522}"
EndProject
Project("{9A19103F-16F7-4668-BE54-9A1E7A4F7556}") = "OrganiMedCore.DiabetesCareCenter.Core", "src\Modules\OrganiMedCore.DiabetesCareCenter.Core\OrganiMedCore.DiabetesCareCenter.Core.csproj", "{09CA7B25-65B6-477E-8C6A-C7952E30518F}"
EndProject
Project("{9A19103F-16F7-4668-BE54-9A1E7A4F7556}") = "OrganiMedCore.DiabetesCareCenterManager.CenterProfileEditor", "src\ClientApps\OrganiMedCore.DiabetesCareCenterManager.CenterProfileEditor\OrganiMedCore.DiabetesCareCenterManager.CenterProfileEditor.csproj", "{40F38BFC-DE75-4C4C-8C3A-382CE8F708BD}"
EndProject
Project("{9A19103F-16F7-4668-BE54-9A1E7A4F7556}") = "IntelliMed.DokiNetIntegration", "src\Modules\IntelliMed.DokiNetIntegration\IntelliMed.DokiNetIntegration.csproj", "{E49BE9B9-AA9D-4E46-9F61-DF01DFA06CD0}"
EndProject
Project("{9A19103F-16F7-4668-BE54-9A1E7A4F7556}") = "OrganiMedCore.DiabetesCareCenterManager.Tests", "src\Tests\OrganiMedCore.DiabetesCareCenterManager.Tests\OrganiMedCore.DiabetesCareCenterManager.Tests.csproj", "{58D0392B-1356-4BFC-BC6A-8F5182493685}"
EndProject
Project("{9A19103F-16F7-4668-BE54-9A1E7A4F7556}") = "OrganiMedCore.Testing.Core", "src\Tests\OrganiMedCore.Testing.Core\OrganiMedCore.Testing.Core.csproj", "{F9126A85-F044-4560-B6B0-4502DFCE43CD}"
EndProject
Project("{9A19103F-16F7-4668-BE54-9A1E7A4F7556}") = "IntelliMed.DokiNetIntegration.Tests", "src\Tests\IntelliMed.DokiNetIntegration.Tests\IntelliMed.DokiNetIntegration.Tests.csproj", "{762CD654-50E9-4755-B2D3-4566C5687342}"
EndProject
Project("{9A19103F-16F7-4668-BE54-9A1E7A4F7556}") = "OrganiMedCore.Email", "src\Modules\OrganiMedCore.Email\OrganiMedCore.Email.csproj", "{F1FC0085-D1DA-46CB-97BD-727E0EA3B174}"
EndProject
Project("{9A19103F-16F7-4668-BE54-9A1E7A4F7556}") = "OrganiMedCore.Email.Tests", "src\Tests\OrganiMedCore.Email.Tests\OrganiMedCore.Email.Tests.csproj", "{EA7C03A9-837C-4C40-959C-6E88888F3CE7}"
EndProject
Project("{9A19103F-16F7-4668-BE54-9A1E7A4F7556}") = "OrganiMedCore.UriAuthentication.Tests", "src\Tests\OrganiMedCore.UriAuthentication.Tests\OrganiMedCore.UriAuthentication.Tests.csproj", "{7A11A5D6-268C-4A0C-BA4C-07C39F5ECA39}"
EndProject
Project("{9A19103F-16F7-4668-BE54-9A1E7A4F7556}") = "OrganiMedCore.AdminTheme", "src\Themes\OrganiMedCore.AdminTheme\OrganiMedCore.AdminTheme.csproj", "{197F26C3-3A76-4A4B-A16C-8A7A57E51FB5}"
EndProject
Project("{9A19103F-16F7-4668-BE54-9A1E7A4F7556}") = "OrganiMedCore.Login.BaseTheme", "src\Themes\OrganiMedCore.Login.BaseTheme\OrganiMedCore.Login.BaseTheme.csproj", "{D8F7E7F8-D6BF-4609-9F5D-C486E3582198}"
EndProject
Project("{2150E333-8FDC-42A3-9474-1A3956D46DE8}") = "Modules.Cms", "Modules.Cms", "{99023201-B997-423D-8C9D-891166210C7A}"
EndProject
Project("{9A19103F-16F7-4668-BE54-9A1E7A4F7556}") = "OrganiMedCore.InfoWidgets", "src\Modules\OrganiMedCore.InfoWidgets\OrganiMedCore.InfoWidgets.csproj", "{479CD88B-69EC-44CF-945E-2D3E4BCEC3CC}"
EndProject
Project("{9A19103F-16F7-4668-BE54-9A1E7A4F7556}") = "OrganiMedCore.InformationOrientedTheme", "src\Themes\OrganiMedCore.InformationOrientedTheme\OrganiMedCore.InformationOrientedTheme.csproj", "{6003FCCB-01FC-4CD5-B902-BA2A61400C73}"
EndProject
Project("{9A19103F-16F7-4668-BE54-9A1E7A4F7556}") = "OrganiMedCore.DiabetesCareCenter.Widgets", "src\Modules\OrganiMedCore.DiabetesCareCenter.Widgets\OrganiMedCore.DiabetesCareCenter.Widgets.csproj", "{B1C24631-F7CC-405A-97AA-D66B92586000}"
EndProject
Project("{9A19103F-16F7-4668-BE54-9A1E7A4F7556}") = "OrganiMedCore.DiabetesCareCenter.Widgets.Tests", "src\Tests\OrganiMedCore.DiabetesCareCenter.Widgets.Tests\OrganiMedCore.DiabetesCareCenter.Widgets.Tests.csproj", "{B1372AB7-50D6-4332-966D-71A8FFFA881A}"
EndProject
Project("{9A19103F-16F7-4668-BE54-9A1E7A4F7556}") = "OrganiMedCore.Bootstrap", "src\Modules\OrganiMedCore.Bootstrap\OrganiMedCore.Bootstrap.csproj", "{456604AA-43C8-4377-808B-9B04456F726F}"
EndProject
Project("{9A19103F-16F7-4668-BE54-9A1E7A4F7556}") = "OrganiMedCore.DiabetesCareCenterTenant", "src\Modules\OrganiMedCore.DiabetesCareCenterTenant\OrganiMedCore.DiabetesCareCenterTenant.csproj", "{AF1771D7-C6D8-4A04-8F21-735CE76DAB92}"
EndProject
Project("{9A19103F-16F7-4668-BE54-9A1E7A4F7556}") = "OrganiMedCore.DiabetesCareCenterTenant.Theme", "src\Themes\OrganiMedCore.DiabetesCareCenterTenant.Theme\OrganiMedCore.DiabetesCareCenterTenant.Theme.csproj", "{B72EF78B-1210-43BB-9AFD-19CA4FA61492}"
EndProject
Project("{9A19103F-16F7-4668-BE54-9A1E7A4F7556}") = "IntelliMedCore.Tests", "src\Tests\IntelliMedCore.Tests\IntelliMedCore.Tests.csproj", "{A6AD56E6-1DE6-4B2C-A620-5AD65302B95F}"
EndProject
Project("{9A19103F-16F7-4668-BE54-9A1E7A4F7556}") = "OrganiMedCore.Login.Tests", "src\Tests\OrganiMedCore.Login.Tests\OrganiMedCore.Login.Tests.csproj", "{0083409C-A73F-475C-A152-81B605067E01}"
EndProject
Project("{9A19103F-16F7-4668-BE54-9A1E7A4F7556}") = "OrganiMedCore.Navigation", "src\Modules\OrganiMedCore.Navigation\OrganiMedCore.Navigation.csproj", "{25991E2A-A79E-4D19-8B56-030EBEC20E8B}"
EndProject
Project("{9A19103F-16F7-4668-BE54-9A1E7A4F7556}") = "OrganiMedCore.Navigation.Tests", "src\Tests\OrganiMedCore.Navigation.Tests\OrganiMedCore.Navigation.Tests.csproj", "{F891137F-7F89-4D7C-B4AC-C817CBC708F9}"
EndProject
Project("{9A19103F-16F7-4668-BE54-9A1E7A4F7556}") = "OrganiMedCore.Organization.DiabetesCare", "src\Modules\OrganiMedCore.Organization.DiabetesCare\OrganiMedCore.Organization.DiabetesCare.csproj", "{9BE69967-3C11-4038-AFD3-FA600FC37627}"
EndProject
Project("{9A19103F-16F7-4668-BE54-9A1E7A4F7556}") = "OrganiMedCore.UriAuthentication", "src\Modules\OrganiMedCore.UriAuthentication\OrganiMedCore.UriAuthentication.csproj", "{7AEFE91C-56E0-45BF-9D8C-2C591AF3CFF7}"
EndProject
Project("{9A19103F-16F7-4668-BE54-9A1E7A4F7556}") = "OrganiMedCore.PatientApp", "src\Modules\OrganiMedCore.PatientApp\OrganiMedCore.PatientApp.csproj", "{A8BE2CD5-05D3-41C2-8242-F2E4A4274106}"
EndProject
Project("{FAE04EC0-301F-11D3-BF4B-00C04F79EFBC}") = "OrganiMedCore.PatientApp.Theme", "src\Themes\OrganiMedCore.PatientApp.Theme\OrganiMedCore.PatientApp.Theme.csproj", "{5D9621A2-1C04-4528-81FA-70D9B6C2C904}"
EndProject
Global
	GlobalSection(SolutionConfigurationPlatforms) = preSolution
		Debug|Any CPU = Debug|Any CPU
		Release|Any CPU = Release|Any CPU
	EndGlobalSection
	GlobalSection(ProjectConfigurationPlatforms) = postSolution
		{5C97E8B2-9301-4E08-A1D8-8DBC9A6E09D3}.Debug|Any CPU.ActiveCfg = Debug|Any CPU
		{5C97E8B2-9301-4E08-A1D8-8DBC9A6E09D3}.Debug|Any CPU.Build.0 = Debug|Any CPU
		{5C97E8B2-9301-4E08-A1D8-8DBC9A6E09D3}.Release|Any CPU.ActiveCfg = Release|Any CPU
		{5C97E8B2-9301-4E08-A1D8-8DBC9A6E09D3}.Release|Any CPU.Build.0 = Release|Any CPU
		{BAF69617-9743-4C03-A098-F5A64D5B7819}.Debug|Any CPU.ActiveCfg = Debug|Any CPU
		{BAF69617-9743-4C03-A098-F5A64D5B7819}.Debug|Any CPU.Build.0 = Debug|Any CPU
		{BAF69617-9743-4C03-A098-F5A64D5B7819}.Release|Any CPU.ActiveCfg = Release|Any CPU
		{BAF69617-9743-4C03-A098-F5A64D5B7819}.Release|Any CPU.Build.0 = Release|Any CPU
		{AE45310B-F609-46A7-8458-74D1419D1B5A}.Debug|Any CPU.ActiveCfg = Debug|Any CPU
		{AE45310B-F609-46A7-8458-74D1419D1B5A}.Debug|Any CPU.Build.0 = Debug|Any CPU
		{AE45310B-F609-46A7-8458-74D1419D1B5A}.Release|Any CPU.ActiveCfg = Release|Any CPU
		{AE45310B-F609-46A7-8458-74D1419D1B5A}.Release|Any CPU.Build.0 = Release|Any CPU
		{90080889-5517-4083-8493-6E512A3C316D}.Debug|Any CPU.ActiveCfg = Debug|Any CPU
		{90080889-5517-4083-8493-6E512A3C316D}.Debug|Any CPU.Build.0 = Debug|Any CPU
		{90080889-5517-4083-8493-6E512A3C316D}.Release|Any CPU.ActiveCfg = Release|Any CPU
		{90080889-5517-4083-8493-6E512A3C316D}.Release|Any CPU.Build.0 = Release|Any CPU
		{AD5372E8-DB0A-44A2-AFA6-F910BB6D4F6C}.Debug|Any CPU.ActiveCfg = Debug|Any CPU
		{AD5372E8-DB0A-44A2-AFA6-F910BB6D4F6C}.Debug|Any CPU.Build.0 = Debug|Any CPU
		{AD5372E8-DB0A-44A2-AFA6-F910BB6D4F6C}.Release|Any CPU.ActiveCfg = Release|Any CPU
		{AD5372E8-DB0A-44A2-AFA6-F910BB6D4F6C}.Release|Any CPU.Build.0 = Release|Any CPU
		{09D28E7D-97EB-452D-B93E-C6B767E568FD}.Debug|Any CPU.ActiveCfg = Debug|Any CPU
		{09D28E7D-97EB-452D-B93E-C6B767E568FD}.Debug|Any CPU.Build.0 = Debug|Any CPU
		{09D28E7D-97EB-452D-B93E-C6B767E568FD}.Release|Any CPU.ActiveCfg = Release|Any CPU
		{09D28E7D-97EB-452D-B93E-C6B767E568FD}.Release|Any CPU.Build.0 = Release|Any CPU
		{73E108FF-13FD-4C27-82A1-D43E510E8BCC}.Debug|Any CPU.ActiveCfg = Debug|Any CPU
		{73E108FF-13FD-4C27-82A1-D43E510E8BCC}.Debug|Any CPU.Build.0 = Debug|Any CPU
		{73E108FF-13FD-4C27-82A1-D43E510E8BCC}.Release|Any CPU.ActiveCfg = Release|Any CPU
		{73E108FF-13FD-4C27-82A1-D43E510E8BCC}.Release|Any CPU.Build.0 = Release|Any CPU
		{2D3D18BE-EE35-4EFE-B3AF-ABA0EE7A02A0}.Debug|Any CPU.ActiveCfg = Debug|Any CPU
		{2D3D18BE-EE35-4EFE-B3AF-ABA0EE7A02A0}.Debug|Any CPU.Build.0 = Debug|Any CPU
		{2D3D18BE-EE35-4EFE-B3AF-ABA0EE7A02A0}.Release|Any CPU.ActiveCfg = Release|Any CPU
		{2D3D18BE-EE35-4EFE-B3AF-ABA0EE7A02A0}.Release|Any CPU.Build.0 = Release|Any CPU
		{87BDE7DF-5B66-49A2-BFC2-C926EB9C601B}.Debug|Any CPU.ActiveCfg = Debug|Any CPU
		{87BDE7DF-5B66-49A2-BFC2-C926EB9C601B}.Debug|Any CPU.Build.0 = Debug|Any CPU
		{87BDE7DF-5B66-49A2-BFC2-C926EB9C601B}.Release|Any CPU.ActiveCfg = Release|Any CPU
		{87BDE7DF-5B66-49A2-BFC2-C926EB9C601B}.Release|Any CPU.Build.0 = Release|Any CPU
		{FEA2CF08-CD4B-4C46-9A29-F5063F5C8BDE}.Debug|Any CPU.ActiveCfg = Debug|Any CPU
		{FEA2CF08-CD4B-4C46-9A29-F5063F5C8BDE}.Debug|Any CPU.Build.0 = Debug|Any CPU
		{FEA2CF08-CD4B-4C46-9A29-F5063F5C8BDE}.Release|Any CPU.ActiveCfg = Release|Any CPU
		{FEA2CF08-CD4B-4C46-9A29-F5063F5C8BDE}.Release|Any CPU.Build.0 = Release|Any CPU
		{61CE885C-1EE1-4934-A184-FC45F9C2350B}.Debug|Any CPU.ActiveCfg = Debug|Any CPU
		{61CE885C-1EE1-4934-A184-FC45F9C2350B}.Debug|Any CPU.Build.0 = Debug|Any CPU
		{61CE885C-1EE1-4934-A184-FC45F9C2350B}.Release|Any CPU.ActiveCfg = Release|Any CPU
		{61CE885C-1EE1-4934-A184-FC45F9C2350B}.Release|Any CPU.Build.0 = Release|Any CPU
		{72D1ABF3-C2AA-42FC-A4B2-AC16CC54A522}.Debug|Any CPU.ActiveCfg = Debug|Any CPU
		{72D1ABF3-C2AA-42FC-A4B2-AC16CC54A522}.Debug|Any CPU.Build.0 = Debug|Any CPU
		{72D1ABF3-C2AA-42FC-A4B2-AC16CC54A522}.Release|Any CPU.ActiveCfg = Release|Any CPU
		{72D1ABF3-C2AA-42FC-A4B2-AC16CC54A522}.Release|Any CPU.Build.0 = Release|Any CPU
		{09CA7B25-65B6-477E-8C6A-C7952E30518F}.Debug|Any CPU.ActiveCfg = Debug|Any CPU
		{09CA7B25-65B6-477E-8C6A-C7952E30518F}.Debug|Any CPU.Build.0 = Debug|Any CPU
		{09CA7B25-65B6-477E-8C6A-C7952E30518F}.Release|Any CPU.ActiveCfg = Release|Any CPU
		{09CA7B25-65B6-477E-8C6A-C7952E30518F}.Release|Any CPU.Build.0 = Release|Any CPU
		{40F38BFC-DE75-4C4C-8C3A-382CE8F708BD}.Debug|Any CPU.ActiveCfg = Debug|Any CPU
		{40F38BFC-DE75-4C4C-8C3A-382CE8F708BD}.Debug|Any CPU.Build.0 = Debug|Any CPU
		{40F38BFC-DE75-4C4C-8C3A-382CE8F708BD}.Release|Any CPU.ActiveCfg = Release|Any CPU
		{40F38BFC-DE75-4C4C-8C3A-382CE8F708BD}.Release|Any CPU.Build.0 = Release|Any CPU
		{E49BE9B9-AA9D-4E46-9F61-DF01DFA06CD0}.Debug|Any CPU.ActiveCfg = Debug|Any CPU
		{E49BE9B9-AA9D-4E46-9F61-DF01DFA06CD0}.Debug|Any CPU.Build.0 = Debug|Any CPU
		{E49BE9B9-AA9D-4E46-9F61-DF01DFA06CD0}.Release|Any CPU.ActiveCfg = Release|Any CPU
		{E49BE9B9-AA9D-4E46-9F61-DF01DFA06CD0}.Release|Any CPU.Build.0 = Release|Any CPU
		{58D0392B-1356-4BFC-BC6A-8F5182493685}.Debug|Any CPU.ActiveCfg = Debug|Any CPU
		{58D0392B-1356-4BFC-BC6A-8F5182493685}.Debug|Any CPU.Build.0 = Debug|Any CPU
		{58D0392B-1356-4BFC-BC6A-8F5182493685}.Release|Any CPU.ActiveCfg = Release|Any CPU
		{58D0392B-1356-4BFC-BC6A-8F5182493685}.Release|Any CPU.Build.0 = Release|Any CPU
		{F9126A85-F044-4560-B6B0-4502DFCE43CD}.Debug|Any CPU.ActiveCfg = Debug|Any CPU
		{F9126A85-F044-4560-B6B0-4502DFCE43CD}.Debug|Any CPU.Build.0 = Debug|Any CPU
		{F9126A85-F044-4560-B6B0-4502DFCE43CD}.Release|Any CPU.ActiveCfg = Release|Any CPU
		{F9126A85-F044-4560-B6B0-4502DFCE43CD}.Release|Any CPU.Build.0 = Release|Any CPU
		{762CD654-50E9-4755-B2D3-4566C5687342}.Debug|Any CPU.ActiveCfg = Debug|Any CPU
		{762CD654-50E9-4755-B2D3-4566C5687342}.Debug|Any CPU.Build.0 = Debug|Any CPU
		{762CD654-50E9-4755-B2D3-4566C5687342}.Release|Any CPU.ActiveCfg = Release|Any CPU
		{762CD654-50E9-4755-B2D3-4566C5687342}.Release|Any CPU.Build.0 = Release|Any CPU
		{F1FC0085-D1DA-46CB-97BD-727E0EA3B174}.Debug|Any CPU.ActiveCfg = Debug|Any CPU
		{F1FC0085-D1DA-46CB-97BD-727E0EA3B174}.Debug|Any CPU.Build.0 = Debug|Any CPU
		{F1FC0085-D1DA-46CB-97BD-727E0EA3B174}.Release|Any CPU.ActiveCfg = Release|Any CPU
		{F1FC0085-D1DA-46CB-97BD-727E0EA3B174}.Release|Any CPU.Build.0 = Release|Any CPU
		{EA7C03A9-837C-4C40-959C-6E88888F3CE7}.Debug|Any CPU.ActiveCfg = Debug|Any CPU
		{EA7C03A9-837C-4C40-959C-6E88888F3CE7}.Debug|Any CPU.Build.0 = Debug|Any CPU
		{EA7C03A9-837C-4C40-959C-6E88888F3CE7}.Release|Any CPU.ActiveCfg = Release|Any CPU
		{EA7C03A9-837C-4C40-959C-6E88888F3CE7}.Release|Any CPU.Build.0 = Release|Any CPU
		{7A11A5D6-268C-4A0C-BA4C-07C39F5ECA39}.Debug|Any CPU.ActiveCfg = Debug|Any CPU
		{7A11A5D6-268C-4A0C-BA4C-07C39F5ECA39}.Debug|Any CPU.Build.0 = Debug|Any CPU
		{7A11A5D6-268C-4A0C-BA4C-07C39F5ECA39}.Release|Any CPU.ActiveCfg = Release|Any CPU
		{7A11A5D6-268C-4A0C-BA4C-07C39F5ECA39}.Release|Any CPU.Build.0 = Release|Any CPU
		{197F26C3-3A76-4A4B-A16C-8A7A57E51FB5}.Debug|Any CPU.ActiveCfg = Debug|Any CPU
		{197F26C3-3A76-4A4B-A16C-8A7A57E51FB5}.Debug|Any CPU.Build.0 = Debug|Any CPU
		{197F26C3-3A76-4A4B-A16C-8A7A57E51FB5}.Release|Any CPU.ActiveCfg = Release|Any CPU
		{197F26C3-3A76-4A4B-A16C-8A7A57E51FB5}.Release|Any CPU.Build.0 = Release|Any CPU
		{D8F7E7F8-D6BF-4609-9F5D-C486E3582198}.Debug|Any CPU.ActiveCfg = Debug|Any CPU
		{D8F7E7F8-D6BF-4609-9F5D-C486E3582198}.Debug|Any CPU.Build.0 = Debug|Any CPU
		{D8F7E7F8-D6BF-4609-9F5D-C486E3582198}.Release|Any CPU.ActiveCfg = Release|Any CPU
		{D8F7E7F8-D6BF-4609-9F5D-C486E3582198}.Release|Any CPU.Build.0 = Release|Any CPU
		{479CD88B-69EC-44CF-945E-2D3E4BCEC3CC}.Debug|Any CPU.ActiveCfg = Debug|Any CPU
		{479CD88B-69EC-44CF-945E-2D3E4BCEC3CC}.Debug|Any CPU.Build.0 = Debug|Any CPU
		{479CD88B-69EC-44CF-945E-2D3E4BCEC3CC}.Release|Any CPU.ActiveCfg = Release|Any CPU
		{479CD88B-69EC-44CF-945E-2D3E4BCEC3CC}.Release|Any CPU.Build.0 = Release|Any CPU
		{6003FCCB-01FC-4CD5-B902-BA2A61400C73}.Debug|Any CPU.ActiveCfg = Debug|Any CPU
		{6003FCCB-01FC-4CD5-B902-BA2A61400C73}.Debug|Any CPU.Build.0 = Debug|Any CPU
		{6003FCCB-01FC-4CD5-B902-BA2A61400C73}.Release|Any CPU.ActiveCfg = Release|Any CPU
		{6003FCCB-01FC-4CD5-B902-BA2A61400C73}.Release|Any CPU.Build.0 = Release|Any CPU
		{B1C24631-F7CC-405A-97AA-D66B92586000}.Debug|Any CPU.ActiveCfg = Debug|Any CPU
		{B1C24631-F7CC-405A-97AA-D66B92586000}.Debug|Any CPU.Build.0 = Debug|Any CPU
		{B1C24631-F7CC-405A-97AA-D66B92586000}.Release|Any CPU.ActiveCfg = Release|Any CPU
		{B1C24631-F7CC-405A-97AA-D66B92586000}.Release|Any CPU.Build.0 = Release|Any CPU
		{B1372AB7-50D6-4332-966D-71A8FFFA881A}.Debug|Any CPU.ActiveCfg = Debug|Any CPU
		{B1372AB7-50D6-4332-966D-71A8FFFA881A}.Debug|Any CPU.Build.0 = Debug|Any CPU
		{B1372AB7-50D6-4332-966D-71A8FFFA881A}.Release|Any CPU.ActiveCfg = Release|Any CPU
		{B1372AB7-50D6-4332-966D-71A8FFFA881A}.Release|Any CPU.Build.0 = Release|Any CPU
		{456604AA-43C8-4377-808B-9B04456F726F}.Debug|Any CPU.ActiveCfg = Debug|Any CPU
		{456604AA-43C8-4377-808B-9B04456F726F}.Debug|Any CPU.Build.0 = Debug|Any CPU
		{456604AA-43C8-4377-808B-9B04456F726F}.Release|Any CPU.ActiveCfg = Release|Any CPU
		{456604AA-43C8-4377-808B-9B04456F726F}.Release|Any CPU.Build.0 = Release|Any CPU
		{AF1771D7-C6D8-4A04-8F21-735CE76DAB92}.Debug|Any CPU.ActiveCfg = Debug|Any CPU
		{AF1771D7-C6D8-4A04-8F21-735CE76DAB92}.Debug|Any CPU.Build.0 = Debug|Any CPU
		{AF1771D7-C6D8-4A04-8F21-735CE76DAB92}.Release|Any CPU.ActiveCfg = Release|Any CPU
		{AF1771D7-C6D8-4A04-8F21-735CE76DAB92}.Release|Any CPU.Build.0 = Release|Any CPU
		{B72EF78B-1210-43BB-9AFD-19CA4FA61492}.Debug|Any CPU.ActiveCfg = Debug|Any CPU
		{B72EF78B-1210-43BB-9AFD-19CA4FA61492}.Debug|Any CPU.Build.0 = Debug|Any CPU
		{B72EF78B-1210-43BB-9AFD-19CA4FA61492}.Release|Any CPU.ActiveCfg = Release|Any CPU
		{B72EF78B-1210-43BB-9AFD-19CA4FA61492}.Release|Any CPU.Build.0 = Release|Any CPU
		{A6AD56E6-1DE6-4B2C-A620-5AD65302B95F}.Debug|Any CPU.ActiveCfg = Debug|Any CPU
		{A6AD56E6-1DE6-4B2C-A620-5AD65302B95F}.Debug|Any CPU.Build.0 = Debug|Any CPU
		{A6AD56E6-1DE6-4B2C-A620-5AD65302B95F}.Release|Any CPU.ActiveCfg = Release|Any CPU
		{A6AD56E6-1DE6-4B2C-A620-5AD65302B95F}.Release|Any CPU.Build.0 = Release|Any CPU
		{0083409C-A73F-475C-A152-81B605067E01}.Debug|Any CPU.ActiveCfg = Debug|Any CPU
		{0083409C-A73F-475C-A152-81B605067E01}.Debug|Any CPU.Build.0 = Debug|Any CPU
		{0083409C-A73F-475C-A152-81B605067E01}.Release|Any CPU.ActiveCfg = Release|Any CPU
		{0083409C-A73F-475C-A152-81B605067E01}.Release|Any CPU.Build.0 = Release|Any CPU
		{25991E2A-A79E-4D19-8B56-030EBEC20E8B}.Debug|Any CPU.ActiveCfg = Debug|Any CPU
		{25991E2A-A79E-4D19-8B56-030EBEC20E8B}.Debug|Any CPU.Build.0 = Debug|Any CPU
		{25991E2A-A79E-4D19-8B56-030EBEC20E8B}.Release|Any CPU.ActiveCfg = Release|Any CPU
		{25991E2A-A79E-4D19-8B56-030EBEC20E8B}.Release|Any CPU.Build.0 = Release|Any CPU
		{F891137F-7F89-4D7C-B4AC-C817CBC708F9}.Debug|Any CPU.ActiveCfg = Debug|Any CPU
		{F891137F-7F89-4D7C-B4AC-C817CBC708F9}.Debug|Any CPU.Build.0 = Debug|Any CPU
		{F891137F-7F89-4D7C-B4AC-C817CBC708F9}.Release|Any CPU.ActiveCfg = Release|Any CPU
		{F891137F-7F89-4D7C-B4AC-C817CBC708F9}.Release|Any CPU.Build.0 = Release|Any CPU
		{9BE69967-3C11-4038-AFD3-FA600FC37627}.Debug|Any CPU.ActiveCfg = Debug|Any CPU
		{9BE69967-3C11-4038-AFD3-FA600FC37627}.Debug|Any CPU.Build.0 = Debug|Any CPU
		{9BE69967-3C11-4038-AFD3-FA600FC37627}.Release|Any CPU.ActiveCfg = Release|Any CPU
		{9BE69967-3C11-4038-AFD3-FA600FC37627}.Release|Any CPU.Build.0 = Release|Any CPU
		{7AEFE91C-56E0-45BF-9D8C-2C591AF3CFF7}.Debug|Any CPU.ActiveCfg = Debug|Any CPU
		{7AEFE91C-56E0-45BF-9D8C-2C591AF3CFF7}.Debug|Any CPU.Build.0 = Debug|Any CPU
		{7AEFE91C-56E0-45BF-9D8C-2C591AF3CFF7}.Release|Any CPU.ActiveCfg = Release|Any CPU
		{7AEFE91C-56E0-45BF-9D8C-2C591AF3CFF7}.Release|Any CPU.Build.0 = Release|Any CPU
		{A8BE2CD5-05D3-41C2-8242-F2E4A4274106}.Debug|Any CPU.ActiveCfg = Debug|Any CPU
		{A8BE2CD5-05D3-41C2-8242-F2E4A4274106}.Debug|Any CPU.Build.0 = Debug|Any CPU
		{A8BE2CD5-05D3-41C2-8242-F2E4A4274106}.Release|Any CPU.ActiveCfg = Release|Any CPU
		{A8BE2CD5-05D3-41C2-8242-F2E4A4274106}.Release|Any CPU.Build.0 = Release|Any CPU
		{5D9621A2-1C04-4528-81FA-70D9B6C2C904}.Debug|Any CPU.ActiveCfg = Debug|Any CPU
		{5D9621A2-1C04-4528-81FA-70D9B6C2C904}.Debug|Any CPU.Build.0 = Debug|Any CPU
		{5D9621A2-1C04-4528-81FA-70D9B6C2C904}.Release|Any CPU.ActiveCfg = Release|Any CPU
		{5D9621A2-1C04-4528-81FA-70D9B6C2C904}.Release|Any CPU.Build.0 = Release|Any CPU
	EndGlobalSection
	GlobalSection(SolutionProperties) = preSolution
		HideSolutionNode = FALSE
	EndGlobalSection
	GlobalSection(NestedProjects) = preSolution
		{5C97E8B2-9301-4E08-A1D8-8DBC9A6E09D3} = {08A52935-8935-4FF7-ADF9-7EA592ABDCAF}
		{5E98542F-3141-4E84-B1B8-17CFB43CB085} = {08A52935-8935-4FF7-ADF9-7EA592ABDCAF}
		{CB7F332C-8EA4-4009-A516-568AE4094422} = {08A52935-8935-4FF7-ADF9-7EA592ABDCAF}
		{BAF69617-9743-4C03-A098-F5A64D5B7819} = {5E98542F-3141-4E84-B1B8-17CFB43CB085}
		{AE45310B-F609-46A7-8458-74D1419D1B5A} = {5E98542F-3141-4E84-B1B8-17CFB43CB085}
		{90080889-5517-4083-8493-6E512A3C316D} = {CB7F332C-8EA4-4009-A516-568AE4094422}
		{AD5372E8-DB0A-44A2-AFA6-F910BB6D4F6C} = {CB7F332C-8EA4-4009-A516-568AE4094422}
		{09D28E7D-97EB-452D-B93E-C6B767E568FD} = {5E98542F-3141-4E84-B1B8-17CFB43CB085}
		{73E108FF-13FD-4C27-82A1-D43E510E8BCC} = {5E98542F-3141-4E84-B1B8-17CFB43CB085}
		{B97F93E5-6E4B-41EA-A93A-C8E813FD60D4} = {08A52935-8935-4FF7-ADF9-7EA592ABDCAF}
		{2D3D18BE-EE35-4EFE-B3AF-ABA0EE7A02A0} = {B97F93E5-6E4B-41EA-A93A-C8E813FD60D4}
		{87BDE7DF-5B66-49A2-BFC2-C926EB9C601B} = {5E98542F-3141-4E84-B1B8-17CFB43CB085}
		{FEA2CF08-CD4B-4C46-9A29-F5063F5C8BDE} = {5E98542F-3141-4E84-B1B8-17CFB43CB085}
		{61CE885C-1EE1-4934-A184-FC45F9C2350B} = {CB7F332C-8EA4-4009-A516-568AE4094422}
		{080F502E-6C31-4884-82EB-BC04A5511709} = {08A52935-8935-4FF7-ADF9-7EA592ABDCAF}
		{72D1ABF3-C2AA-42FC-A4B2-AC16CC54A522} = {5E98542F-3141-4E84-B1B8-17CFB43CB085}
		{09CA7B25-65B6-477E-8C6A-C7952E30518F} = {5E98542F-3141-4E84-B1B8-17CFB43CB085}
		{40F38BFC-DE75-4C4C-8C3A-382CE8F708BD} = {080F502E-6C31-4884-82EB-BC04A5511709}
		{E49BE9B9-AA9D-4E46-9F61-DF01DFA06CD0} = {5E98542F-3141-4E84-B1B8-17CFB43CB085}
		{58D0392B-1356-4BFC-BC6A-8F5182493685} = {B97F93E5-6E4B-41EA-A93A-C8E813FD60D4}
		{F9126A85-F044-4560-B6B0-4502DFCE43CD} = {B97F93E5-6E4B-41EA-A93A-C8E813FD60D4}
		{762CD654-50E9-4755-B2D3-4566C5687342} = {B97F93E5-6E4B-41EA-A93A-C8E813FD60D4}
		{F1FC0085-D1DA-46CB-97BD-727E0EA3B174} = {5E98542F-3141-4E84-B1B8-17CFB43CB085}
		{EA7C03A9-837C-4C40-959C-6E88888F3CE7} = {B97F93E5-6E4B-41EA-A93A-C8E813FD60D4}
		{7A11A5D6-268C-4A0C-BA4C-07C39F5ECA39} = {B97F93E5-6E4B-41EA-A93A-C8E813FD60D4}
		{197F26C3-3A76-4A4B-A16C-8A7A57E51FB5} = {CB7F332C-8EA4-4009-A516-568AE4094422}
		{D8F7E7F8-D6BF-4609-9F5D-C486E3582198} = {CB7F332C-8EA4-4009-A516-568AE4094422}
		{99023201-B997-423D-8C9D-891166210C7A} = {08A52935-8935-4FF7-ADF9-7EA592ABDCAF}
		{479CD88B-69EC-44CF-945E-2D3E4BCEC3CC} = {99023201-B997-423D-8C9D-891166210C7A}
		{6003FCCB-01FC-4CD5-B902-BA2A61400C73} = {CB7F332C-8EA4-4009-A516-568AE4094422}
		{B1C24631-F7CC-405A-97AA-D66B92586000} = {99023201-B997-423D-8C9D-891166210C7A}
		{B1372AB7-50D6-4332-966D-71A8FFFA881A} = {B97F93E5-6E4B-41EA-A93A-C8E813FD60D4}
		{456604AA-43C8-4377-808B-9B04456F726F} = {99023201-B997-423D-8C9D-891166210C7A}
		{AF1771D7-C6D8-4A04-8F21-735CE76DAB92} = {5E98542F-3141-4E84-B1B8-17CFB43CB085}
		{B72EF78B-1210-43BB-9AFD-19CA4FA61492} = {CB7F332C-8EA4-4009-A516-568AE4094422}
		{A6AD56E6-1DE6-4B2C-A620-5AD65302B95F} = {B97F93E5-6E4B-41EA-A93A-C8E813FD60D4}
		{0083409C-A73F-475C-A152-81B605067E01} = {B97F93E5-6E4B-41EA-A93A-C8E813FD60D4}
		{25991E2A-A79E-4D19-8B56-030EBEC20E8B} = {5E98542F-3141-4E84-B1B8-17CFB43CB085}
		{F891137F-7F89-4D7C-B4AC-C817CBC708F9} = {B97F93E5-6E4B-41EA-A93A-C8E813FD60D4}
		{9BE69967-3C11-4038-AFD3-FA600FC37627} = {5E98542F-3141-4E84-B1B8-17CFB43CB085}
		{7AEFE91C-56E0-45BF-9D8C-2C591AF3CFF7} = {5E98542F-3141-4E84-B1B8-17CFB43CB085}
		{A8BE2CD5-05D3-41C2-8242-F2E4A4274106} = {5E98542F-3141-4E84-B1B8-17CFB43CB085}
		{5D9621A2-1C04-4528-81FA-70D9B6C2C904} = {CB7F332C-8EA4-4009-A516-568AE4094422}
	EndGlobalSection
	GlobalSection(ExtensibilityGlobals) = postSolution
		SolutionGuid = {B0428BE3-007D-4C34-BAB9-3BB649892E51}
	EndGlobalSection
EndGlobal
